
Microsoft Visual Studio Solution File, Format Version 12.00
# Visual Studio Version 17
VisualStudioVersion = 17.0.32112.339
MinimumVisualStudioVersion = 10.0.40219.1
Project("{FAE04EC0-301F-11D3-BF4B-00C04F79EFBC}") = "Ejercicio N°3", "Ejercicio N°3\Ejercicio N°3.csproj", "{13E69ECD-F56B-4395-8BE5-EADFBD2FC660}"
EndProject
Project("{FAE04EC0-301F-11D3-BF4B-00C04F79EFBC}") = "BaseDatos", "BaseDatos\BaseDatos.csproj", "{B15A7C53-621E-4731-AC30-826711894B5E}"
EndProject
Global
	GlobalSection(SolutionConfigurationPlatforms) = preSolution
		Debug|Any CPU = Debug|Any CPU
		Release|Any CPU = Release|Any CPU
	EndGlobalSection
	GlobalSection(ProjectConfigurationPlatforms) = postSolution
		{13E69ECD-F56B-4395-8BE5-EADFBD2FC660}.Debug|Any CPU.ActiveCfg = Debug|Any CPU
		{13E69ECD-F56B-4395-8BE5-EADFBD2FC660}.Debug|Any CPU.Build.0 = Debug|Any CPU
		{13E69ECD-F56B-4395-8BE5-EADFBD2FC660}.Release|Any CPU.ActiveCfg = Release|Any CPU
		{13E69ECD-F56B-4395-8BE5-EADFBD2FC660}.Release|Any CPU.Build.0 = Release|Any CPU
		{B15A7C53-621E-4731-AC30-826711894B5E}.Debug|Any CPU.ActiveCfg = Debug|Any CPU
		{B15A7C53-621E-4731-AC30-826711894B5E}.Debug|Any CPU.Build.0 = Debug|Any CPU
		{B15A7C53-621E-4731-AC30-826711894B5E}.Release|Any CPU.ActiveCfg = Release|Any CPU
		{B15A7C53-621E-4731-AC30-826711894B5E}.Release|Any CPU.Build.0 = Release|Any CPU
	EndGlobalSection
	GlobalSection(SolutionProperties) = preSolution
		HideSolutionNode = FALSE
	EndGlobalSection
	GlobalSection(ExtensibilityGlobals) = postSolution
		SolutionGuid = {C186BB52-0D86-4B42-A1EB-BC16E7A23733}
	EndGlobalSection
EndGlobal
